
Microsoft Visual Studio Solution File, Format Version 12.00
Project("{2150E333-8FDC-42A3-9474-1A3956D46DE8}") = "src", "src", "{BB196B00-EC09-4AD3-8127-EEC861F32F2A}"
EndProject
Project("{2150E333-8FDC-42A3-9474-1A3956D46DE8}") = "docs", "docs", "{90ED331C-BE23-4E9A-8E64-C094379E247F}"
EndProject
Project("{2150E333-8FDC-42A3-9474-1A3956D46DE8}") = "tests", "tests", "{79F246A5-B9B8-4DF4-9181-E9D0D4880508}"
EndProject
Project("{2150E333-8FDC-42A3-9474-1A3956D46DE8}") = "scripts", "scripts", "{3020F42B-AF03-41B9-80F0-BA142E44EA9B}"
ProjectSection(SolutionItems) = preProject
	scripts\build.cake = scripts\build.cake
	scripts\build-cake.ps1 = scripts\build-cake.ps1
	scripts\cake.config = scripts\cake.config
EndProjectSection
EndProject
Project("{2150E333-8FDC-42A3-9474-1A3956D46DE8}") = "github", "github", "{6A59E54A-F01B-471B-A930-56037927188A}"
EndProject
Project("{2150E333-8FDC-42A3-9474-1A3956D46DE8}") = "workflows", "workflows", "{6719618A-55B2-4116-9F53-560F4F2798AF}"
ProjectSection(SolutionItems) = preProject
	.github\workflows\aspnetcore.yaml = .github\workflows\aspnetcore.yaml
EndProjectSection
EndProject
Project("{FAE04EC0-301F-11D3-BF4B-00C04F79EFBC}") = "SoftSentre.Shoppingendly.Services.Products.Tests.EndToEnd", "tests\SoftSentre.Shoppingendly.Services.Products.Tests.EndToEnd\SoftSentre.Shoppingendly.Services.Products.Tests.EndToEnd.csproj", "{E0AC97D5-15E5-41D6-B14F-BFE71AFE632D}"
EndProject
Project("{FAE04EC0-301F-11D3-BF4B-00C04F79EFBC}") = "SoftSentre.Shoppingendly.Services.Products.Tests.Unit", "tests\SoftSentre.Shoppingendly.Services.Products.Tests.Unit\SoftSentre.Shoppingendly.Services.Products.Tests.Unit.csproj", "{A313448F-6B55-4023-B316-7CEBB64F645C}"
EndProject
Project("{FAE04EC0-301F-11D3-BF4B-00C04F79EFBC}") = "SoftSentre.Shoppingendly.Services.Products.Application", "src\SoftSentre.Shoppingendly.Services.Products.Application\SoftSentre.Shoppingendly.Services.Products.Application.csproj", "{64E9C661-2DFA-4026-BA54-07ECDC398A16}"
EndProject
Project("{FAE04EC0-301F-11D3-BF4B-00C04F79EFBC}") = "SoftSentre.Shoppingendly.Services.Products.Core", "src\SoftSentre.Shoppingendly.Services.Products.Core\SoftSentre.Shoppingendly.Services.Products.Core.csproj", "{E0A46262-BE22-4465-BB2F-8689FCAA1A90}"
EndProject
Project("{FAE04EC0-301F-11D3-BF4B-00C04F79EFBC}") = "SoftSentre.Shoppingendly.Services.Products.Infrastructure", "src\SoftSentre.Shoppingendly.Services.Products.Infrastructure\SoftSentre.Shoppingendly.Services.Products.Infrastructure.csproj", "{EAE459DF-D33E-4318-836C-037C7C513591}"
EndProject
Project("{FAE04EC0-301F-11D3-BF4B-00C04F79EFBC}") = "SoftSentre.Shoppingendly.Services.Products.WebApi", "src\SoftSentre.Shoppingendly.Services.Products.WebApi\SoftSentre.Shoppingendly.Services.Products.WebApi.csproj", "{0D871355-1072-4375-9497-755CCDC1EB4A}"
EndProject
Project("{FAE04EC0-301F-11D3-BF4B-00C04F79EFBC}") = "SoftSentre.Shoppingendly.Services.Products.BasicTypes", "src\SoftSentre.Shoppingendly.Services.Products.BasicTypes\SoftSentre.Shoppingendly.Services.Products.BasicTypes.csproj", "{60DD055A-6D28-44E2-8397-BC995156894C}"
EndProject
Project("{FAE04EC0-301F-11D3-BF4B-00C04F79EFBC}") = "SoftSentre.Shoppingendly.Services.Products.Extensions", "src\SoftSentre.Shoppingendly.Services.Products.Extensions\SoftSentre.Shoppingendly.Services.Products.Extensions.csproj", "{4B9F9025-DA6B-4E30-98D3-068DC7C800B8}"
EndProject
Project("{FAE04EC0-301F-11D3-BF4B-00C04F79EFBC}") = "SoftSentre.Shoppingendly.Services.Products.Globals", "src\SoftSentre.Shoppingendly.Services.Products.Globals\SoftSentre.Shoppingendly.Services.Products.Globals.csproj", "{C04299CB-6BE4-4508-A9B3-CD6240901189}"
EndProject
Global
	GlobalSection(SolutionConfigurationPlatforms) = preSolution
		Debug|Any CPU = Debug|Any CPU
		Release|Any CPU = Release|Any CPU
	EndGlobalSection
	GlobalSection(NestedProjects) = preSolution
		{6719618A-55B2-4116-9F53-560F4F2798AF} = {6A59E54A-F01B-471B-A930-56037927188A}
		{E0AC97D5-15E5-41D6-B14F-BFE71AFE632D} = {79F246A5-B9B8-4DF4-9181-E9D0D4880508}
		{A313448F-6B55-4023-B316-7CEBB64F645C} = {79F246A5-B9B8-4DF4-9181-E9D0D4880508}
		{64E9C661-2DFA-4026-BA54-07ECDC398A16} = {BB196B00-EC09-4AD3-8127-EEC861F32F2A}
		{E0A46262-BE22-4465-BB2F-8689FCAA1A90} = {BB196B00-EC09-4AD3-8127-EEC861F32F2A}
		{EAE459DF-D33E-4318-836C-037C7C513591} = {BB196B00-EC09-4AD3-8127-EEC861F32F2A}
		{0D871355-1072-4375-9497-755CCDC1EB4A} = {BB196B00-EC09-4AD3-8127-EEC861F32F2A}
		{60DD055A-6D28-44E2-8397-BC995156894C} = {BB196B00-EC09-4AD3-8127-EEC861F32F2A}
		{4B9F9025-DA6B-4E30-98D3-068DC7C800B8} = {BB196B00-EC09-4AD3-8127-EEC861F32F2A}
		{C04299CB-6BE4-4508-A9B3-CD6240901189} = {BB196B00-EC09-4AD3-8127-EEC861F32F2A}
	EndGlobalSection
	GlobalSection(ProjectConfigurationPlatforms) = postSolution
		{E0AC97D5-15E5-41D6-B14F-BFE71AFE632D}.Debug|Any CPU.ActiveCfg = Debug|Any CPU
		{E0AC97D5-15E5-41D6-B14F-BFE71AFE632D}.Debug|Any CPU.Build.0 = Debug|Any CPU
		{E0AC97D5-15E5-41D6-B14F-BFE71AFE632D}.Release|Any CPU.ActiveCfg = Release|Any CPU
		{E0AC97D5-15E5-41D6-B14F-BFE71AFE632D}.Release|Any CPU.Build.0 = Release|Any CPU
		{A313448F-6B55-4023-B316-7CEBB64F645C}.Debug|Any CPU.ActiveCfg = Debug|Any CPU
		{A313448F-6B55-4023-B316-7CEBB64F645C}.Debug|Any CPU.Build.0 = Debug|Any CPU
		{A313448F-6B55-4023-B316-7CEBB64F645C}.Release|Any CPU.ActiveCfg = Release|Any CPU
		{A313448F-6B55-4023-B316-7CEBB64F645C}.Release|Any CPU.Build.0 = Release|Any CPU
		{64E9C661-2DFA-4026-BA54-07ECDC398A16}.Debug|Any CPU.ActiveCfg = Debug|Any CPU
		{64E9C661-2DFA-4026-BA54-07ECDC398A16}.Debug|Any CPU.Build.0 = Debug|Any CPU
		{64E9C661-2DFA-4026-BA54-07ECDC398A16}.Release|Any CPU.ActiveCfg = Release|Any CPU
		{64E9C661-2DFA-4026-BA54-07ECDC398A16}.Release|Any CPU.Build.0 = Release|Any CPU
		{E0A46262-BE22-4465-BB2F-8689FCAA1A90}.Debug|Any CPU.ActiveCfg = Debug|Any CPU
		{E0A46262-BE22-4465-BB2F-8689FCAA1A90}.Debug|Any CPU.Build.0 = Debug|Any CPU
		{E0A46262-BE22-4465-BB2F-8689FCAA1A90}.Release|Any CPU.ActiveCfg = Release|Any CPU
		{E0A46262-BE22-4465-BB2F-8689FCAA1A90}.Release|Any CPU.Build.0 = Release|Any CPU
		{EAE459DF-D33E-4318-836C-037C7C513591}.Debug|Any CPU.ActiveCfg = Debug|Any CPU
		{EAE459DF-D33E-4318-836C-037C7C513591}.Debug|Any CPU.Build.0 = Debug|Any CPU
		{EAE459DF-D33E-4318-836C-037C7C513591}.Release|Any CPU.ActiveCfg = Release|Any CPU
		{EAE459DF-D33E-4318-836C-037C7C513591}.Release|Any CPU.Build.0 = Release|Any CPU
		{0D871355-1072-4375-9497-755CCDC1EB4A}.Debug|Any CPU.ActiveCfg = Debug|Any CPU
		{0D871355-1072-4375-9497-755CCDC1EB4A}.Debug|Any CPU.Build.0 = Debug|Any CPU
		{0D871355-1072-4375-9497-755CCDC1EB4A}.Release|Any CPU.ActiveCfg = Release|Any CPU
		{0D871355-1072-4375-9497-755CCDC1EB4A}.Release|Any CPU.Build.0 = Release|Any CPU
		{60DD055A-6D28-44E2-8397-BC995156894C}.Debug|Any CPU.ActiveCfg = Debug|Any CPU
		{60DD055A-6D28-44E2-8397-BC995156894C}.Debug|Any CPU.Build.0 = Debug|Any CPU
		{60DD055A-6D28-44E2-8397-BC995156894C}.Release|Any CPU.ActiveCfg = Release|Any CPU
		{60DD055A-6D28-44E2-8397-BC995156894C}.Release|Any CPU.Build.0 = Release|Any CPU
		{4B9F9025-DA6B-4E30-98D3-068DC7C800B8}.Debug|Any CPU.ActiveCfg = Debug|Any CPU
		{4B9F9025-DA6B-4E30-98D3-068DC7C800B8}.Debug|Any CPU.Build.0 = Debug|Any CPU
		{4B9F9025-DA6B-4E30-98D3-068DC7C800B8}.Release|Any CPU.ActiveCfg = Release|Any CPU
		{4B9F9025-DA6B-4E30-98D3-068DC7C800B8}.Release|Any CPU.Build.0 = Release|Any CPU
		{C04299CB-6BE4-4508-A9B3-CD6240901189}.Debug|Any CPU.ActiveCfg = Debug|Any CPU
		{C04299CB-6BE4-4508-A9B3-CD6240901189}.Debug|Any CPU.Build.0 = Debug|Any CPU
		{C04299CB-6BE4-4508-A9B3-CD6240901189}.Release|Any CPU.ActiveCfg = Release|Any CPU
		{C04299CB-6BE4-4508-A9B3-CD6240901189}.Release|Any CPU.Build.0 = Release|Any CPU
	EndGlobalSection
EndGlobal
