
Microsoft Visual Studio Solution File, Format Version 12.00
Project("{2150E333-8FDC-42A3-9474-1A3956D46DE8}") = "src", "src", "{BB196B00-EC09-4AD3-8127-EEC861F32F2A}"
EndProject
Project("{2150E333-8FDC-42A3-9474-1A3956D46DE8}") = "docs", "docs", "{90ED331C-BE23-4E9A-8E64-C094379E247F}"
EndProject
Project("{2150E333-8FDC-42A3-9474-1A3956D46DE8}") = "tests", "tests", "{79F246A5-B9B8-4DF4-9181-E9D0D4880508}"
EndProject
Project("{2150E333-8FDC-42A3-9474-1A3956D46DE8}") = "scripts", "scripts", "{3020F42B-AF03-41B9-80F0-BA142E44EA9B}"
ProjectSection(SolutionItems) = preProject
	scripts\build.cake = scripts\build.cake
	scripts\build-cake.ps1 = scripts\build-cake.ps1
	scripts\cake.config = scripts\cake.config
EndProjectSection
EndProject
Project("{2150E333-8FDC-42A3-9474-1A3956D46DE8}") = "github", "github", "{6A59E54A-F01B-471B-A930-56037927188A}"
EndProject
Project("{2150E333-8FDC-42A3-9474-1A3956D46DE8}") = "workflows", "workflows", "{6719618A-55B2-4116-9F53-560F4F2798AF}"
ProjectSection(SolutionItems) = preProject
	.github\workflows\aspnetcore.yaml = .github\workflows\aspnetcore.yaml
EndProjectSection
EndProject
Project("{FAE04EC0-301F-11D3-BF4B-00C04F79EFBC}") = "SoftSentre.Shoppingendly.Services.Products.Tests.EndToEnd", "tests\EndToEnd\SoftSentre.Shoppingendly.Services.Products.Tests.EndToEnd.csproj", "{371A9C32-FC89-490A-88EC-702E73CF3C41}"
EndProject
Project("{FAE04EC0-301F-11D3-BF4B-00C04F79EFBC}") = "SoftSentre.Shoppingendly.Services.Products.Tests.Unit", "tests\Unit\SoftSentre.Shoppingendly.Services.Products.Tests.Unit.csproj", "{DEACD941-2D05-417E-832A-DD1E7C3A87CF}"
EndProject
Project("{FAE04EC0-301F-11D3-BF4B-00C04F79EFBC}") = "SoftSentre.Shoppingendly.Services.Products.Application", "src\Application\SoftSentre.Shoppingendly.Services.Products.Application.csproj", "{2B89F61B-E95E-499D-9E4E-A4C28E3EAA56}"
EndProject
Project("{FAE04EC0-301F-11D3-BF4B-00C04F79EFBC}") = "SoftSentre.Shoppingendly.Services.Products.BasicTypes", "src\BasicTypes\SoftSentre.Shoppingendly.Services.Products.BasicTypes.csproj", "{425AE306-84B7-4B50-AEFC-5478C6A14834}"
EndProject
Project("{FAE04EC0-301F-11D3-BF4B-00C04F79EFBC}") = "SoftSentre.Shoppingendly.Services.Products.Domain", "src\Domain\SoftSentre.Shoppingendly.Services.Products.Domain.csproj", "{0E77CE1B-A2B0-4FFB-8AB5-42DC5D65F58E}"
EndProject
Project("{FAE04EC0-301F-11D3-BF4B-00C04F79EFBC}") = "SoftSentre.Shoppingendly.Services.Products.Extensions", "src\Extensions\SoftSentre.Shoppingendly.Services.Products.Extensions.csproj", "{DAB08C05-B917-464D-8FAA-D3238564194E}"
EndProject
Project("{FAE04EC0-301F-11D3-BF4B-00C04F79EFBC}") = "SoftSentre.Shoppingendly.Services.Products.Globals", "src\Globals\SoftSentre.Shoppingendly.Services.Products.Globals.csproj", "{6AAD47D3-724F-45D7-B8E2-15CF45E9C938}"
EndProject
Project("{FAE04EC0-301F-11D3-BF4B-00C04F79EFBC}") = "SoftSentre.Shoppingendly.Services.Products.Infrastructure", "src\Infrastructure\SoftSentre.Shoppingendly.Services.Products.Infrastructure.csproj", "{89B7F87D-0064-4C9C-8FBF-2AB75663287B}"
EndProject
Project("{FAE04EC0-301F-11D3-BF4B-00C04F79EFBC}") = "SoftSentre.Shoppingendly.Services.Products.WebApi", "src\WebApi\SoftSentre.Shoppingendly.Services.Products.WebApi.csproj", "{80DE414C-2834-4A5D-8008-4AB425CF6E4E}"
EndProject
Global
	GlobalSection(SolutionConfigurationPlatforms) = preSolution
		Debug|Any CPU = Debug|Any CPU
		Release|Any CPU = Release|Any CPU
	EndGlobalSection
	GlobalSection(NestedProjects) = preSolution
		{6719618A-55B2-4116-9F53-560F4F2798AF} = {6A59E54A-F01B-471B-A930-56037927188A}
		{371A9C32-FC89-490A-88EC-702E73CF3C41} = {79F246A5-B9B8-4DF4-9181-E9D0D4880508}
		{DEACD941-2D05-417E-832A-DD1E7C3A87CF} = {79F246A5-B9B8-4DF4-9181-E9D0D4880508}
		{2B89F61B-E95E-499D-9E4E-A4C28E3EAA56} = {BB196B00-EC09-4AD3-8127-EEC861F32F2A}
		{425AE306-84B7-4B50-AEFC-5478C6A14834} = {BB196B00-EC09-4AD3-8127-EEC861F32F2A}
		{0E77CE1B-A2B0-4FFB-8AB5-42DC5D65F58E} = {BB196B00-EC09-4AD3-8127-EEC861F32F2A}
		{DAB08C05-B917-464D-8FAA-D3238564194E} = {BB196B00-EC09-4AD3-8127-EEC861F32F2A}
		{6AAD47D3-724F-45D7-B8E2-15CF45E9C938} = {BB196B00-EC09-4AD3-8127-EEC861F32F2A}
		{89B7F87D-0064-4C9C-8FBF-2AB75663287B} = {BB196B00-EC09-4AD3-8127-EEC861F32F2A}
		{80DE414C-2834-4A5D-8008-4AB425CF6E4E} = {BB196B00-EC09-4AD3-8127-EEC861F32F2A}
	EndGlobalSection
	GlobalSection(ProjectConfigurationPlatforms) = postSolution
		{371A9C32-FC89-490A-88EC-702E73CF3C41}.Debug|Any CPU.ActiveCfg = Debug|Any CPU
		{371A9C32-FC89-490A-88EC-702E73CF3C41}.Debug|Any CPU.Build.0 = Debug|Any CPU
		{371A9C32-FC89-490A-88EC-702E73CF3C41}.Release|Any CPU.ActiveCfg = Release|Any CPU
		{371A9C32-FC89-490A-88EC-702E73CF3C41}.Release|Any CPU.Build.0 = Release|Any CPU
		{DEACD941-2D05-417E-832A-DD1E7C3A87CF}.Debug|Any CPU.ActiveCfg = Debug|Any CPU
		{DEACD941-2D05-417E-832A-DD1E7C3A87CF}.Debug|Any CPU.Build.0 = Debug|Any CPU
		{DEACD941-2D05-417E-832A-DD1E7C3A87CF}.Release|Any CPU.ActiveCfg = Release|Any CPU
		{DEACD941-2D05-417E-832A-DD1E7C3A87CF}.Release|Any CPU.Build.0 = Release|Any CPU
		{2B89F61B-E95E-499D-9E4E-A4C28E3EAA56}.Debug|Any CPU.ActiveCfg = Debug|Any CPU
		{2B89F61B-E95E-499D-9E4E-A4C28E3EAA56}.Debug|Any CPU.Build.0 = Debug|Any CPU
		{2B89F61B-E95E-499D-9E4E-A4C28E3EAA56}.Release|Any CPU.ActiveCfg = Release|Any CPU
		{2B89F61B-E95E-499D-9E4E-A4C28E3EAA56}.Release|Any CPU.Build.0 = Release|Any CPU
		{425AE306-84B7-4B50-AEFC-5478C6A14834}.Debug|Any CPU.ActiveCfg = Debug|Any CPU
		{425AE306-84B7-4B50-AEFC-5478C6A14834}.Debug|Any CPU.Build.0 = Debug|Any CPU
		{425AE306-84B7-4B50-AEFC-5478C6A14834}.Release|Any CPU.ActiveCfg = Release|Any CPU
		{425AE306-84B7-4B50-AEFC-5478C6A14834}.Release|Any CPU.Build.0 = Release|Any CPU
		{0E77CE1B-A2B0-4FFB-8AB5-42DC5D65F58E}.Debug|Any CPU.ActiveCfg = Debug|Any CPU
		{0E77CE1B-A2B0-4FFB-8AB5-42DC5D65F58E}.Debug|Any CPU.Build.0 = Debug|Any CPU
		{0E77CE1B-A2B0-4FFB-8AB5-42DC5D65F58E}.Release|Any CPU.ActiveCfg = Release|Any CPU
		{0E77CE1B-A2B0-4FFB-8AB5-42DC5D65F58E}.Release|Any CPU.Build.0 = Release|Any CPU
		{DAB08C05-B917-464D-8FAA-D3238564194E}.Debug|Any CPU.ActiveCfg = Debug|Any CPU
		{DAB08C05-B917-464D-8FAA-D3238564194E}.Debug|Any CPU.Build.0 = Debug|Any CPU
		{DAB08C05-B917-464D-8FAA-D3238564194E}.Release|Any CPU.ActiveCfg = Release|Any CPU
		{DAB08C05-B917-464D-8FAA-D3238564194E}.Release|Any CPU.Build.0 = Release|Any CPU
		{6AAD47D3-724F-45D7-B8E2-15CF45E9C938}.Debug|Any CPU.ActiveCfg = Debug|Any CPU
		{6AAD47D3-724F-45D7-B8E2-15CF45E9C938}.Debug|Any CPU.Build.0 = Debug|Any CPU
		{6AAD47D3-724F-45D7-B8E2-15CF45E9C938}.Release|Any CPU.ActiveCfg = Release|Any CPU
		{6AAD47D3-724F-45D7-B8E2-15CF45E9C938}.Release|Any CPU.Build.0 = Release|Any CPU
		{89B7F87D-0064-4C9C-8FBF-2AB75663287B}.Debug|Any CPU.ActiveCfg = Debug|Any CPU
		{89B7F87D-0064-4C9C-8FBF-2AB75663287B}.Debug|Any CPU.Build.0 = Debug|Any CPU
		{89B7F87D-0064-4C9C-8FBF-2AB75663287B}.Release|Any CPU.ActiveCfg = Release|Any CPU
		{89B7F87D-0064-4C9C-8FBF-2AB75663287B}.Release|Any CPU.Build.0 = Release|Any CPU
		{80DE414C-2834-4A5D-8008-4AB425CF6E4E}.Debug|Any CPU.ActiveCfg = Debug|Any CPU
		{80DE414C-2834-4A5D-8008-4AB425CF6E4E}.Debug|Any CPU.Build.0 = Debug|Any CPU
		{80DE414C-2834-4A5D-8008-4AB425CF6E4E}.Release|Any CPU.ActiveCfg = Release|Any CPU
		{80DE414C-2834-4A5D-8008-4AB425CF6E4E}.Release|Any CPU.Build.0 = Release|Any CPU
	EndGlobalSection
EndGlobal
